
Microsoft Visual Studio Solution File, Format Version 12.00
# Visual Studio Version 16
VisualStudioVersion = 16.0.30907.101
MinimumVisualStudioVersion = 10.0.40219.1
Project("{8BC9CEB8-8B4A-11D0-8D11-00A0C91BC942}") = "AIcoachTest", "AIcoachTest\AIcoachTest.vcxproj", "{31266189-7642-424A-98C9-05465D761835}"
EndProject
Project("{8BC9CEB8-8B4A-11D0-8D11-00A0C91BC942}") = "AIcoacherGUI", "AIcoacherGUI\AIcoacherGUI.vcxproj", "{CB4AF6C2-BCC2-49CE-8C98-82226618AC84}"
EndProject
Project("{8BC9CEB8-8B4A-11D0-8D11-00A0C91BC942}") = "AIcoachDLL", "AIcoachDLL\AIcoachDLL.vcxproj", "{1D9AA6FB-3B85-420F-B66B-18E15A1C2093}"
EndProject
Global
	GlobalSection(SolutionConfigurationPlatforms) = preSolution
		Debug|Any CPU = Debug|Any CPU
		Debug|x64 = Debug|x64
		Debug|x86 = Debug|x86
		Release|Any CPU = Release|Any CPU
		Release|x64 = Release|x64
		Release|x86 = Release|x86
	EndGlobalSection
	GlobalSection(ProjectConfigurationPlatforms) = postSolution
		{31266189-7642-424A-98C9-05465D761835}.Debug|Any CPU.ActiveCfg = Release|x64
		{31266189-7642-424A-98C9-05465D761835}.Debug|Any CPU.Build.0 = Release|x64
		{31266189-7642-424A-98C9-05465D761835}.Debug|x64.ActiveCfg = Release|x64
		{31266189-7642-424A-98C9-05465D761835}.Debug|x86.ActiveCfg = Release|x64
		{31266189-7642-424A-98C9-05465D761835}.Release|Any CPU.ActiveCfg = Release|x64
		{31266189-7642-424A-98C9-05465D761835}.Release|x64.ActiveCfg = Release|x64
		{31266189-7642-424A-98C9-05465D761835}.Release|x64.Build.0 = Release|x64
		{31266189-7642-424A-98C9-05465D761835}.Release|x86.ActiveCfg = Release|x64
		{CB4AF6C2-BCC2-49CE-8C98-82226618AC84}.Debug|Any CPU.ActiveCfg = Release|x64
		{CB4AF6C2-BCC2-49CE-8C98-82226618AC84}.Debug|Any CPU.Build.0 = Release|x64
		{CB4AF6C2-BCC2-49CE-8C98-82226618AC84}.Debug|x64.ActiveCfg = Release|x64
		{CB4AF6C2-BCC2-49CE-8C98-82226618AC84}.Debug|x64.Build.0 = Release|x64
		{CB4AF6C2-BCC2-49CE-8C98-82226618AC84}.Debug|x86.ActiveCfg = Release|x64
		{CB4AF6C2-BCC2-49CE-8C98-82226618AC84}.Debug|x86.Build.0 = Release|x64
		{CB4AF6C2-BCC2-49CE-8C98-82226618AC84}.Release|Any CPU.ActiveCfg = Release|x64
		{CB4AF6C2-BCC2-49CE-8C98-82226618AC84}.Release|x64.ActiveCfg = Release|x64
		{CB4AF6C2-BCC2-49CE-8C98-82226618AC84}.Release|x64.Build.0 = Release|x64
		{CB4AF6C2-BCC2-49CE-8C98-82226618AC84}.Release|x86.ActiveCfg = Release|x64
		{1D9AA6FB-3B85-420F-B66B-18E15A1C2093}.Debug|Any CPU.ActiveCfg = Release|x64
		{1D9AA6FB-3B85-420F-B66B-18E15A1C2093}.Debug|x64.ActiveCfg = Release|x64
		{1D9AA6FB-3B85-420F-B66B-18E15A1C2093}.Debug|x86.ActiveCfg = Release|x64
		{1D9AA6FB-3B85-420F-B66B-18E15A1C2093}.Release|Any CPU.ActiveCfg = Release|x64
		{1D9AA6FB-3B85-420F-B66B-18E15A1C2093}.Release|x64.ActiveCfg = Release|x64
		{1D9AA6FB-3B85-420F-B66B-18E15A1C2093}.Release|x64.Build.0 = Release|x64
		{1D9AA6FB-3B85-420F-B66B-18E15A1C2093}.Release|x86.ActiveCfg = Release|x64
	EndGlobalSection
	GlobalSection(SolutionProperties) = preSolution
		HideSolutionNode = FALSE
	EndGlobalSection
	GlobalSection(ExtensibilityGlobals) = postSolution
		SolutionGuid = {8374483F-5EF0-432A-8044-86F064BD05F2}
	EndGlobalSection
EndGlobal
