<?xml version="1.0" encoding="utf-8"?>
<Project ToolsVersion="4.0" xmlns="http://schemas.microsoft.com/developer/msbuild/2003">
  <ItemGroup>
    <Filter Include="源文件">
      <UniqueIdentifier>{4FC737F1-C7A5-4376-A066-2A32D752A2FF}</UniqueIdentifier>
      <Extensions>cpp;c;cc;cxx;c++;cppm;ixx;def;odl;idl;hpj;bat;asm;asmx</Extensions>
    </Filter>
    <Filter Include="头文件">
      <UniqueIdentifier>{93995380-89BD-4b04-88EB-625FBE52EBFB}</UniqueIdentifier>
      <Extensions>h;hh;hpp;hxx;h++;hm;inl;inc;ipp;xsd</Extensions>
    </Filter>
    <Filter Include="资源文件">
      <UniqueIdentifier>{67DA6AB6-F800-4c08-8B7A-83BB121AAD01}</UniqueIdentifier>
      <Extensions>rc;ico;cur;bmp;dlg;rc2;rct;bin;rgs;gif;jpg;jpeg;jpe;resx;tiff;tif;png;wav;mfcribbon-ms</Extensions>
    </Filter>
  </ItemGroup>
  <ItemGroup>
    <ClCompile Include="AIcoacherTest.cpp">
      <Filter>源文件</Filter>
    </ClCompile>
    <ClCompile Include="..\AIcoachDLL\ActionRecognizer.cpp">
      <Filter>源文件</Filter>
    </ClCompile>
    <ClCompile Include="..\AIcoachDLL\AIclass.cpp">
      <Filter>源文件</Filter>
    </ClCompile>
    <ClCompile Include="..\AIcoachDLL\FaceDetector.cpp">
      <Filter>源文件</Filter>
    </ClCompile>
    <ClCompile Include="..\AIcoachDLL\HealthAction.cpp">
      <Filter>源文件</Filter>
    </ClCompile>
    <ClCompile Include="..\AIcoachDLL\HealthPerson.cpp">
      <Filter>源文件</Filter>
    </ClCompile>
    <ClCompile Include="..\AIcoachDLL\PoseDetector.cpp">
      <Filter>源文件</Filter>
    </ClCompile>
    <ClCompile Include="..\AIcoachDLL\PoseTracker.cpp">
      <Filter>源文件</Filter>
    </ClCompile>
    <ClCompile Include="..\AIcoachDLL\CoachCounter.cpp">
      <Filter>源文件</Filter>
    </ClCompile>
    <ClCompile Include="..\AIcoachDLL\CoachTimer.cpp">
      <Filter>源文件</Filter>
    </ClCompile>
    <ClCompile Include="..\HealthActionExtractor\HealthActionExtractor.cpp">
      <Filter>源文件</Filter>
    </ClCompile>
    <ClCompile Include="..\HealthActionExtractor\SkeletonPointExtractor.cpp">
      <Filter>源文件</Filter>
    </ClCompile>
    <ClCompile Include="..\AIcoachDLL\VideoIO.cpp">
      <Filter>源文件</Filter>
    </ClCompile>
    <ClCompile Include="..\AIcoachDLL\HealthActionUnit.cpp">
      <Filter>源文件</Filter>
    </ClCompile>
    <ClCompile Include="..\AIcoachDLL\ActionRecognizerUtil.cpp">
      <Filter>源文件</Filter>
    </ClCompile>
    <ClCompile Include="..\AIcoachDLL\ActionTransfer.cpp">
      <Filter>源文件</Filter>
    </ClCompile>
    <ClCompile Include="..\AIcoachDLL\PoseChecker.cpp">
      <Filter>源文件</Filter>
    </ClCompile>
    <ClCompile Include="..\AIcoachDLL\AIcoacher.cpp">
      <Filter>源文件</Filter>
    </ClCompile>
    <ClCompile Include="..\AIcoachDLL\WorkoutParameter.cpp">
      <Filter>源文件</Filter>
    </ClCompile>
  </ItemGroup>
  <ItemGroup>
    <ClInclude Include="AIcoacherTest.h">
      <Filter>头文件</Filter>
    </ClInclude>
    <ClInclude Include="..\AIcoachDLL\ActionRecognizer.h">
      <Filter>头文件</Filter>
    </ClInclude>
    <ClInclude Include="..\AIcoachDLL\AIclass.h">
      <Filter>头文件</Filter>
    </ClInclude>
    <ClInclude Include="..\AIcoachDLL\commonincludes.h">
      <Filter>头文件</Filter>
    </ClInclude>
    <ClInclude Include="..\AIcoachDLL\FaceDetector.h">
      <Filter>头文件</Filter>
    </ClInclude>
    <ClInclude Include="..\AIcoachDLL\HealthAction.h">
      <Filter>头文件</Filter>
    </ClInclude>
    <ClInclude Include="..\AIcoachDLL\HealthPerson.h">
      <Filter>头文件</Filter>
    </ClInclude>
    <ClInclude Include="..\AIcoachDLL\PoseDetector.h">
      <Filter>头文件</Filter>
    </ClInclude>
    <ClInclude Include="..\AIcoachDLL\PoseTracker.h">
      <Filter>头文件</Filter>
    </ClInclude>
    <ClInclude Include="..\AIcoachDLL\CoachCounter.h">
      <Filter>头文件</Filter>
    </ClInclude>
    <ClInclude Include="..\AIcoachDLL\CoachTimer.h">
      <Filter>头文件</Filter>
    </ClInclude>
    <ClInclude Include="..\HealthActionExtractor\HealthActionExtractor.h">
      <Filter>头文件</Filter>
    </ClInclude>
    <ClInclude Include="..\HealthActionExtractor\SkeletonPointExtractor.h">
      <Filter>头文件</Filter>
    </ClInclude>
    <ClInclude Include="..\AIcoachDLL\VideoIO.h">
      <Filter>头文件</Filter>
    </ClInclude>
    <ClInclude Include="..\AIcoachDLL\HealthActionUnit.h">
      <Filter>头文件</Filter>
    </ClInclude>
    <ClInclude Include="..\AIcoachDLL\ActionRecognizerUtil.h">
      <Filter>头文件</Filter>
    </ClInclude>
    <ClInclude Include="..\AIcoachDLL\ActionTransfer.h">
      <Filter>头文件</Filter>
    </ClInclude>
    <ClInclude Include="..\AIcoachDLL\PoseChecker.h">
      <Filter>头文件</Filter>
    </ClInclude>
    <ClInclude Include="..\AIcoachDLL\AIcoacher.h">
      <Filter>头文件</Filter>
    </ClInclude>
    <ClInclude Include="..\AIcoachDLL\WorkoutParameter.h">
      <Filter>头文件</Filter>
    </ClInclude>
  </ItemGroup>
</Project>